
Microsoft Visual Studio Solution File, Format Version 12.00
# Visual Studio Version 16
VisualStudioVersion = 16.0.30517.126
MinimumVisualStudioVersion = 10.0.40219.1
Project("{9A19103F-16F7-4668-BE54-9A1E7A4F7556}") = "MarsRovers", "Client\MarsRovers.csproj", "{6B3DF56D-4CA5-4267-8604-DA3103B3E039}"
EndProject
Project("{9A19103F-16F7-4668-BE54-9A1E7A4F7556}") = "MarsRoversTest", "UnitTests\MarsRoversTest.csproj", "{030A7A06-E217-4F14-A72C-41967A3E54A8}"
EndProject
Global
	GlobalSection(SolutionConfigurationPlatforms) = preSolution
		Debug|Any CPU = Debug|Any CPU
		Release|Any CPU = Release|Any CPU
	EndGlobalSection
	GlobalSection(ProjectConfigurationPlatforms) = postSolution
		{6B3DF56D-4CA5-4267-8604-DA3103B3E039}.Debug|Any CPU.ActiveCfg = Debug|Any CPU
		{6B3DF56D-4CA5-4267-8604-DA3103B3E039}.Debug|Any CPU.Build.0 = Debug|Any CPU
		{6B3DF56D-4CA5-4267-8604-DA3103B3E039}.Release|Any CPU.ActiveCfg = Release|Any CPU
		{6B3DF56D-4CA5-4267-8604-DA3103B3E039}.Release|Any CPU.Build.0 = Release|Any CPU
		{030A7A06-E217-4F14-A72C-41967A3E54A8}.Debug|Any CPU.ActiveCfg = Debug|Any CPU
		{030A7A06-E217-4F14-A72C-41967A3E54A8}.Debug|Any CPU.Build.0 = Debug|Any CPU
		{030A7A06-E217-4F14-A72C-41967A3E54A8}.Release|Any CPU.ActiveCfg = Release|Any CPU
		{030A7A06-E217-4F14-A72C-41967A3E54A8}.Release|Any CPU.Build.0 = Release|Any CPU
	EndGlobalSection
	GlobalSection(SolutionProperties) = preSolution
		HideSolutionNode = FALSE
	EndGlobalSection
	GlobalSection(ExtensibilityGlobals) = postSolution
		SolutionGuid = {F6D18CC5-622C-4D38-9747-7DAA8EDC8B76}
	EndGlobalSection
EndGlobal
